// !$*UTF8*$!
{
	archiveVersion = 1;
	classes = {
	};
	objectVersion = 46;
	objects = {

/* Begin PBXBuildFile section */
		BE2EB3DC1381F6310052DC55 /* SeaGlass.bundle in Resources */ = {isa = PBXBuildFile; fileRef = BE2EB3DB1381F6310052DC55 /* SeaGlass.bundle */; };
		BE4B15B4137B8A8E00563E90 /* SGPopoverContentViewController.h in Headers */ = {isa = PBXBuildFile; fileRef = BE4B15B3137B8A8E00563E90 /* SGPopoverContentViewController.h */; };
		BE50AA97137736FD00E98160 /* SGPopoverController.m in Sources */ = {isa = PBXBuildFile; fileRef = BE50AA90137736FD00E98160 /* SGPopoverController.m */; };
		BE50AA98137736FD00E98160 /* SGPopoverController.h in Headers */ = {isa = PBXBuildFile; fileRef = BE50AA91137736FD00E98160 /* SGPopoverController.h */; };
		BE50AA99137736FD00E98160 /* SGPopoverViewProperties.m in Sources */ = {isa = PBXBuildFile; fileRef = BE50AA92137736FD00E98160 /* SGPopoverViewProperties.m */; };
		BE50AA9A137736FD00E98160 /* SGPopoverViewProperties.h in Headers */ = {isa = PBXBuildFile; fileRef = BE50AA93137736FD00E98160 /* SGPopoverViewProperties.h */; };
		BE50AA9B137736FD00E98160 /* SGPopoverView.m in Sources */ = {isa = PBXBuildFile; fileRef = BE50AA94137736FD00E98160 /* SGPopoverView.m */; };
		BE50AA9C137736FD00E98160 /* SGPopoverView.h in Headers */ = {isa = PBXBuildFile; fileRef = BE50AA95137736FD00E98160 /* SGPopoverView.h */; };
		BE50AA9E1377375100E98160 /* SGPopoverController.h in CopyFiles */ = {isa = PBXBuildFile; fileRef = BE50AA91137736FD00E98160 /* SGPopoverController.h */; };
		BE50AA9F1377375100E98160 /* SGPopoverViewProperties.h in CopyFiles */ = {isa = PBXBuildFile; fileRef = BE50AA93137736FD00E98160 /* SGPopoverViewProperties.h */; };
		BE50AAA01377375100E98160 /* SGPopoverView.h in CopyFiles */ = {isa = PBXBuildFile; fileRef = BE50AA95137736FD00E98160 /* SGPopoverView.h */; };
		BE50AB2A1377418F00E98160 /* UIKit.framework in Frameworks */ = {isa = PBXBuildFile; fileRef = BED53BF91377312F0048877E /* UIKit.framework */; };
		BE50AB2B1377418F00E98160 /* Foundation.framework in Frameworks */ = {isa = PBXBuildFile; fileRef = BED53BEE1377312F0048877E /* Foundation.framework */; };
		BE50AB2C1377418F00E98160 /* CoreGraphics.framework in Frameworks */ = {isa = PBXBuildFile; fileRef = BED53BFC1377312F0048877E /* CoreGraphics.framework */; };
		BE50AB5213774C6500E98160 /* libSeaGlass.a in Frameworks */ = {isa = PBXBuildFile; fileRef = BED53BEB1377312F0048877E /* libSeaGlass.a */; };
		BED53BEF1377312F0048877E /* Foundation.framework in Frameworks */ = {isa = PBXBuildFile; fileRef = BED53BEE1377312F0048877E /* Foundation.framework */; };
		BEEB4D11137DF73100AA4C4A /* SGRatingControl.h in Headers */ = {isa = PBXBuildFile; fileRef = BEEB4D09137DF73100AA4C4A /* SGRatingControl.h */; };
		BEEB4D12137DF73100AA4C4A /* SGRatingControl.m in Sources */ = {isa = PBXBuildFile; fileRef = BEEB4D0A137DF73100AA4C4A /* SGRatingControl.m */; };
		BEEB4D65137E07E900AA4C4A /* SGGlobalPaths.h in Headers */ = {isa = PBXBuildFile; fileRef = BEEB4D63137E07E900AA4C4A /* SGGlobalPaths.h */; };
		BEEB4D66137E07E900AA4C4A /* SGGlobalPaths.m in Sources */ = {isa = PBXBuildFile; fileRef = BEEB4D64137E07E900AA4C4A /* SGGlobalPaths.m */; };
		BEEB4DCB137F62BA00AA4C4A /* SGPopoverDialogController.m in Sources */ = {isa = PBXBuildFile; fileRef = BEEB4DC0137F62BA00AA4C4A /* SGPopoverDialogController.m */; };
		BEEB4DCD137F62BA00AA4C4A /* SGPopoverModalOptionController.m in Sources */ = {isa = PBXBuildFile; fileRef = BEEB4DC6137F62BA00AA4C4A /* SGPopoverModalOptionController.m */; };
		BEEB4DCE137F62BA00AA4C4A /* SGPopoverArrowDirectionOptionController.m in Sources */ = {isa = PBXBuildFile; fileRef = BEEB4DC7137F62BA00AA4C4A /* SGPopoverArrowDirectionOptionController.m */; };
		BEEB4DDA137F88EE00AA4C4A /* MainWindow.xib in Resources */ = {isa = PBXBuildFile; fileRef = BEEB4DD8137F88EE00AA4C4A /* MainWindow.xib */; };
		BEEB4DDB137F88EE00AA4C4A /* RootViewController.xib in Resources */ = {isa = PBXBuildFile; fileRef = BEEB4DD9137F88EE00AA4C4A /* RootViewController.xib */; };
		BEEB4DED137F8AD600AA4C4A /* SGGlobalPaths.h in CopyFiles */ = {isa = PBXBuildFile; fileRef = BEEB4D63137E07E900AA4C4A /* SGGlobalPaths.h */; };
		BEEB4DEE137F8B2700AA4C4A /* SGPopoverDemoController.m in Sources */ = {isa = PBXBuildFile; fileRef = BEEB4DBE137F62BA00AA4C4A /* SGPopoverDemoController.m */; };
		BEEB4DF0137F8B2700AA4C4A /* SGRatingController.m in Sources */ = {isa = PBXBuildFile; fileRef = BEEB4DD5137F87E800AA4C4A /* SGRatingController.m */; };
		BEEB4DF1137F8B2700AA4C4A /* RootViewController.m in Sources */ = {isa = PBXBuildFile; fileRef = BEEB4DDC137F896200AA4C4A /* RootViewController.m */; };
		BEEB4DF2137F8B2700AA4C4A /* SGControlsDemoAppDelegate.m in Sources */ = {isa = PBXBuildFile; fileRef = BEEB4DDE137F896200AA4C4A /* SGControlsDemoAppDelegate.m */; };
		BEEB4DF3137F8B2700AA4C4A /* main.m in Sources */ = {isa = PBXBuildFile; fileRef = BEEB4DE1137F896200AA4C4A /* main.m */; };
		BEEB4DF4137F8B7A00AA4C4A /* SGPopoverDemoController.xib in Resources */ = {isa = PBXBuildFile; fileRef = BEEB4DD0137F878400AA4C4A /* SGPopoverDemoController.xib */; };
		BEEB4DF5137F8B7A00AA4C4A /* SGPopoverDialogController.xib in Resources */ = {isa = PBXBuildFile; fileRef = BEEB4DD1137F878400AA4C4A /* SGPopoverDialogController.xib */; };
		BEEB4DF6137F8B7A00AA4C4A /* SGRatingController.xib in Resources */ = {isa = PBXBuildFile; fileRef = BEEB4DD2137F878400AA4C4A /* SGRatingController.xib */; };
		BEEB4E0D137FA56800AA4C4A /* SGPopoverContentViewController.h in CopyFiles */ = {isa = PBXBuildFile; fileRef = BE4B15B3137B8A8E00563E90 /* SGPopoverContentViewController.h */; };
		BEEB4E0F137FA59600AA4C4A /* SGRatingControl.h in CopyFiles */ = {isa = PBXBuildFile; fileRef = BEEB4D09137DF73100AA4C4A /* SGRatingControl.h */; };
		C8FFD52417A4207D00728A4C /* Default-568h@2x.png in Resources */ = {isa = PBXBuildFile; fileRef = C8FFD52317A4207D00728A4C /* Default-568h@2x.png */; };
/* End PBXBuildFile section */

/* Begin PBXCopyFilesBuildPhase section */
		BE50AA9D1377373500E98160 /* CopyFiles */ = {
			isa = PBXCopyFilesBuildPhase;
			buildActionMask = 2147483647;
			dstPath = include;
			dstSubfolderSpec = 16;
			files = (
				BEEB4E0F137FA59600AA4C4A /* SGRatingControl.h in CopyFiles */,
				BEEB4E0D137FA56800AA4C4A /* SGPopoverContentViewController.h in CopyFiles */,
				BEEB4DED137F8AD600AA4C4A /* SGGlobalPaths.h in CopyFiles */,
				BE50AA9E1377375100E98160 /* SGPopoverController.h in CopyFiles */,
				BE50AA9F1377375100E98160 /* SGPopoverViewProperties.h in CopyFiles */,
				BE50AAA01377375100E98160 /* SGPopoverView.h in CopyFiles */,
			);
			runOnlyForDeploymentPostprocessing = 0;
		};
		BE50AB5F1377583D00E98160 /* CopyFiles */ = {
			isa = PBXCopyFilesBuildPhase;
			buildActionMask = 2147483647;
			dstPath = "";
			dstSubfolderSpec = 7;
			files = (
			);
			runOnlyForDeploymentPostprocessing = 0;
		};
/* End PBXCopyFilesBuildPhase section */

/* Begin PBXFileReference section */
		BE2EB3DB1381F6310052DC55 /* SeaGlass.bundle */ = {isa = PBXFileReference; lastKnownFileType = "wrapper.plug-in"; path = SeaGlass.bundle; sourceTree = "<group>"; };
		BE4B15B3137B8A8E00563E90 /* SGPopoverContentViewController.h */ = {isa = PBXFileReference; fileEncoding = 4; lastKnownFileType = sourcecode.c.h; lineEnding = 0; path = SGPopoverContentViewController.h; sourceTree = "<group>"; xcLanguageSpecificationIdentifier = xcode.lang.objcpp; };
		BE4B15C6137C433800563E90 /* SGPopoverController.dox */ = {isa = PBXFileReference; fileEncoding = 4; lastKnownFileType = text; lineEnding = 0; path = SGPopoverController.dox; sourceTree = "<group>"; };
		BE50AA90137736FD00E98160 /* SGPopoverController.m */ = {isa = PBXFileReference; fileEncoding = 4; lastKnownFileType = sourcecode.c.objc; lineEnding = 0; path = SGPopoverController.m; sourceTree = "<group>"; xcLanguageSpecificationIdentifier = xcode.lang.objc; };
		BE50AA91137736FD00E98160 /* SGPopoverController.h */ = {isa = PBXFileReference; fileEncoding = 4; lastKnownFileType = sourcecode.c.h; lineEnding = 0; path = SGPopoverController.h; sourceTree = "<group>"; xcLanguageSpecificationIdentifier = xcode.lang.objcpp; };
		BE50AA92137736FD00E98160 /* SGPopoverViewProperties.m */ = {isa = PBXFileReference; fileEncoding = 4; lastKnownFileType = sourcecode.c.objc; lineEnding = 0; name = SGPopoverViewProperties.m; path = ../Controllers/SGPopoverViewProperties.m; sourceTree = "<group>"; xcLanguageSpecificationIdentifier = xcode.lang.objc; };
		BE50AA93137736FD00E98160 /* SGPopoverViewProperties.h */ = {isa = PBXFileReference; fileEncoding = 4; lastKnownFileType = sourcecode.c.h; name = SGPopoverViewProperties.h; path = ../Controllers/SGPopoverViewProperties.h; sourceTree = "<group>"; };
		BE50AA94137736FD00E98160 /* SGPopoverView.m */ = {isa = PBXFileReference; fileEncoding = 4; lastKnownFileType = sourcecode.c.objc; lineEnding = 0; name = SGPopoverView.m; path = ../Controllers/SGPopoverView.m; sourceTree = "<group>"; xcLanguageSpecificationIdentifier = xcode.lang.objc; };
		BE50AA95137736FD00E98160 /* SGPopoverView.h */ = {isa = PBXFileReference; fileEncoding = 4; lastKnownFileType = sourcecode.c.h; lineEnding = 0; name = SGPopoverView.h; path = ../Controllers/SGPopoverView.h; sourceTree = "<group>"; xcLanguageSpecificationIdentifier = xcode.lang.objcpp; };
		BE50AB281377418E00E98160 /* SeaglassControlsDemo.app */ = {isa = PBXFileReference; explicitFileType = wrapper.application; includeInIndex = 0; path = SeaglassControlsDemo.app; sourceTree = BUILT_PRODUCTS_DIR; };
		BE50AB8113775ABC00E98160 /* SGControls.bundle */ = {isa = PBXFileReference; lastKnownFileType = "wrapper.plug-in"; name = SGControls.bundle; path = ../../Resources/SGControls.bundle; sourceTree = "<group>"; };
		BED53BEB1377312F0048877E /* libSeaGlass.a */ = {isa = PBXFileReference; explicitFileType = archive.ar; includeInIndex = 0; path = libSeaGlass.a; sourceTree = BUILT_PRODUCTS_DIR; };
		BED53BEE1377312F0048877E /* Foundation.framework */ = {isa = PBXFileReference; lastKnownFileType = wrapper.framework; name = Foundation.framework; path = System/Library/Frameworks/Foundation.framework; sourceTree = SDKROOT; };
		BED53BF21377312F0048877E /* SeaGlass-Prefix.pch */ = {isa = PBXFileReference; lastKnownFileType = sourcecode.c.h; name = "SeaGlass-Prefix.pch"; path = "../SeaGlass-Prefix.pch"; sourceTree = "<group>"; };
		BED53BF91377312F0048877E /* UIKit.framework */ = {isa = PBXFileReference; lastKnownFileType = wrapper.framework; name = UIKit.framework; path = System/Library/Frameworks/UIKit.framework; sourceTree = SDKROOT; };
		BED53BFC1377312F0048877E /* CoreGraphics.framework */ = {isa = PBXFileReference; lastKnownFileType = wrapper.framework; name = CoreGraphics.framework; path = System/Library/Frameworks/CoreGraphics.framework; sourceTree = SDKROOT; };
		BEEB4D09137DF73100AA4C4A /* SGRatingControl.h */ = {isa = PBXFileReference; fileEncoding = 4; lastKnownFileType = sourcecode.c.h; lineEnding = 0; name = SGRatingControl.h; path = Views/SGRatingControl.h; sourceTree = "<group>"; xcLanguageSpecificationIdentifier = xcode.lang.objcpp; };
		BEEB4D0A137DF73100AA4C4A /* SGRatingControl.m */ = {isa = PBXFileReference; fileEncoding = 4; lastKnownFileType = sourcecode.c.objc; name = SGRatingControl.m; path = Views/SGRatingControl.m; sourceTree = "<group>"; };
		BEEB4D63137E07E900AA4C4A /* SGGlobalPaths.h */ = {isa = PBXFileReference; fileEncoding = 4; lastKnownFileType = sourcecode.c.h; path = SGGlobalPaths.h; sourceTree = "<group>"; };
		BEEB4D64137E07E900AA4C4A /* SGGlobalPaths.m */ = {isa = PBXFileReference; fileEncoding = 4; lastKnownFileType = sourcecode.c.objc; path = SGGlobalPaths.m; sourceTree = "<group>"; };
		BEEB4DBE137F62BA00AA4C4A /* SGPopoverDemoController.m */ = {isa = PBXFileReference; fileEncoding = 4; lastKnownFileType = sourcecode.c.objc; lineEnding = 0; path = SGPopoverDemoController.m; sourceTree = "<group>"; xcLanguageSpecificationIdentifier = xcode.lang.objc; };
		BEEB4DC0137F62BA00AA4C4A /* SGPopoverDialogController.m */ = {isa = PBXFileReference; fileEncoding = 4; lastKnownFileType = sourcecode.c.objc; lineEnding = 0; path = SGPopoverDialogController.m; sourceTree = "<group>"; xcLanguageSpecificationIdentifier = xcode.lang.objc; };
		BEEB4DC1137F62BA00AA4C4A /* SGPopoverDialogController.h */ = {isa = PBXFileReference; fileEncoding = 4; lastKnownFileType = sourcecode.c.h; path = SGPopoverDialogController.h; sourceTree = "<group>"; };
		BEEB4DC3137F62BA00AA4C4A /* SGPopoverModalOptionController.h */ = {isa = PBXFileReference; fileEncoding = 4; lastKnownFileType = sourcecode.c.h; path = SGPopoverModalOptionController.h; sourceTree = "<group>"; };
		BEEB4DC4137F62BA00AA4C4A /* SGPopoverDemoController.h */ = {isa = PBXFileReference; fileEncoding = 4; lastKnownFileType = sourcecode.c.h; path = SGPopoverDemoController.h; sourceTree = "<group>"; };
		BEEB4DC5137F62BA00AA4C4A /* SGPopoverArrowDirectionOptionController.h */ = {isa = PBXFileReference; fileEncoding = 4; lastKnownFileType = sourcecode.c.h; path = SGPopoverArrowDirectionOptionController.h; sourceTree = "<group>"; };
		BEEB4DC6137F62BA00AA4C4A /* SGPopoverModalOptionController.m */ = {isa = PBXFileReference; fileEncoding = 4; lastKnownFileType = sourcecode.c.objc; path = SGPopoverModalOptionController.m; sourceTree = "<group>"; };
		BEEB4DC7137F62BA00AA4C4A /* SGPopoverArrowDirectionOptionController.m */ = {isa = PBXFileReference; fileEncoding = 4; lastKnownFileType = sourcecode.c.objc; path = SGPopoverArrowDirectionOptionController.m; sourceTree = "<group>"; };
		BEEB4DD0137F878400AA4C4A /* SGPopoverDemoController.xib */ = {isa = PBXFileReference; fileEncoding = 4; lastKnownFileType = file.xib; path = SGPopoverDemoController.xib; sourceTree = "<group>"; };
		BEEB4DD1137F878400AA4C4A /* SGPopoverDialogController.xib */ = {isa = PBXFileReference; fileEncoding = 4; lastKnownFileType = file.xib; path = SGPopoverDialogController.xib; sourceTree = "<group>"; };
		BEEB4DD2137F878400AA4C4A /* SGRatingController.xib */ = {isa = PBXFileReference; fileEncoding = 4; lastKnownFileType = file.xib; path = SGRatingController.xib; sourceTree = "<group>"; };
		BEEB4DD4137F87E800AA4C4A /* SGRatingController.h */ = {isa = PBXFileReference; fileEncoding = 4; lastKnownFileType = sourcecode.c.h; path = SGRatingController.h; sourceTree = "<group>"; };
		BEEB4DD5137F87E800AA4C4A /* SGRatingController.m */ = {isa = PBXFileReference; fileEncoding = 4; lastKnownFileType = sourcecode.c.objc; path = SGRatingController.m; sourceTree = "<group>"; };
		BEEB4DD8137F88EE00AA4C4A /* MainWindow.xib */ = {isa = PBXFileReference; fileEncoding = 4; lastKnownFileType = file.xib; path = MainWindow.xib; sourceTree = "<group>"; };
		BEEB4DD9137F88EE00AA4C4A /* RootViewController.xib */ = {isa = PBXFileReference; fileEncoding = 4; lastKnownFileType = file.xib; path = RootViewController.xib; sourceTree = "<group>"; };
		BEEB4DDC137F896200AA4C4A /* RootViewController.m */ = {isa = PBXFileReference; fileEncoding = 4; lastKnownFileType = sourcecode.c.objc; path = RootViewController.m; sourceTree = "<group>"; };
		BEEB4DDD137F896200AA4C4A /* SGControlsDemoAppDelegate.h */ = {isa = PBXFileReference; fileEncoding = 4; lastKnownFileType = sourcecode.c.h; lineEnding = 0; path = SGControlsDemoAppDelegate.h; sourceTree = "<group>"; xcLanguageSpecificationIdentifier = xcode.lang.objcpp; };
		BEEB4DDE137F896200AA4C4A /* SGControlsDemoAppDelegate.m */ = {isa = PBXFileReference; fileEncoding = 4; lastKnownFileType = sourcecode.c.objc; path = SGControlsDemoAppDelegate.m; sourceTree = "<group>"; };
		BEEB4DDF137F896200AA4C4A /* SeaglassControlsDemo-Prefix.pch */ = {isa = PBXFileReference; fileEncoding = 4; lastKnownFileType = sourcecode.c.h; path = "SeaglassControlsDemo-Prefix.pch"; sourceTree = "<group>"; };
		BEEB4DE0137F896200AA4C4A /* RootViewController.h */ = {isa = PBXFileReference; fileEncoding = 4; lastKnownFileType = sourcecode.c.h; path = RootViewController.h; sourceTree = "<group>"; };
		BEEB4DE1137F896200AA4C4A /* main.m */ = {isa = PBXFileReference; fileEncoding = 4; lastKnownFileType = sourcecode.c.objc; path = main.m; sourceTree = "<group>"; };
		BEEB4DE9137F8A2C00AA4C4A /* SeaglassControlsDemo-Info.plist */ = {isa = PBXFileReference; fileEncoding = 4; lastKnownFileType = text.plist.xml; path = "SeaglassControlsDemo-Info.plist"; sourceTree = "<group>"; };
		BEEB4DEB137F8A6600AA4C4A /* en */ = {isa = PBXFileReference; lastKnownFileType = text.plist.strings; name = en; path = en.lproj/InfoPlist.strings; sourceTree = "<group>"; };
		C8FFD52317A4207D00728A4C /* Default-568h@2x.png */ = {isa = PBXFileReference; lastKnownFileType = image.png; path = "Default-568h@2x.png"; sourceTree = "<group>"; };
/* End PBXFileReference section */

/* Begin PBXFrameworksBuildPhase section */
		BE50AB251377418E00E98160 /* Frameworks */ = {
			isa = PBXFrameworksBuildPhase;
			buildActionMask = 2147483647;
			files = (
				BE50AB5213774C6500E98160 /* libSeaGlass.a in Frameworks */,
				BE50AB2A1377418F00E98160 /* UIKit.framework in Frameworks */,
				BE50AB2B1377418F00E98160 /* Foundation.framework in Frameworks */,
				BE50AB2C1377418F00E98160 /* CoreGraphics.framework in Frameworks */,
			);
			runOnlyForDeploymentPostprocessing = 0;
		};
		BED53BE81377312F0048877E /* Frameworks */ = {
			isa = PBXFrameworksBuildPhase;
			buildActionMask = 2147483647;
			files = (
				BED53BEF1377312F0048877E /* Foundation.framework in Frameworks */,
			);
			runOnlyForDeploymentPostprocessing = 0;
		};
/* End PBXFrameworksBuildPhase section */

/* Begin PBXGroup section */
		BE50AA7B137735E800E98160 /* Classes */ = {
			isa = PBXGroup;
			children = (
				BEEB4D62137E074000AA4C4A /* Global */,
				BE50AA7C137735E800E98160 /* Controllers */,
				BE50AA7E137735E800E98160 /* Views */,
				BED53BF21377312F0048877E /* SeaGlass-Prefix.pch */,
			);
			path = Classes;
			sourceTree = "<group>";
		};
		BE50AA7C137735E800E98160 /* Controllers */ = {
			isa = PBXGroup;
			children = (
				BE4B15B3137B8A8E00563E90 /* SGPopoverContentViewController.h */,
				BE50AA91137736FD00E98160 /* SGPopoverController.h */,
				BE50AA90137736FD00E98160 /* SGPopoverController.m */,
				BE4B15C6137C433800563E90 /* SGPopoverController.dox */,
			);
			path = Controllers;
			sourceTree = "<group>";
		};
		BE50AA7E137735E800E98160 /* Views */ = {
			isa = PBXGroup;
			children = (
				BE50AA95137736FD00E98160 /* SGPopoverView.h */,
				BE50AA94137736FD00E98160 /* SGPopoverView.m */,
				BE50AA93137736FD00E98160 /* SGPopoverViewProperties.h */,
				BE50AA92137736FD00E98160 /* SGPopoverViewProperties.m */,
				BEEB4D09137DF73100AA4C4A /* SGRatingControl.h */,
				BEEB4D0A137DF73100AA4C4A /* SGRatingControl.m */,
			);
			path = Views;
			sourceTree = "<group>";
		};
		BE50AB2D1377418F00E98160 /* SeaglassControlsDemo */ = {
			isa = PBXGroup;
			children = (
				BEEB4DBD137F61B400AA4C4A /* Classes */,
				BEEB4DBC137F615400AA4C4A /* Resources */,
			);
			path = SeaglassControlsDemo;
			sourceTree = "<group>";
		};
		BE50AB5013774C1700E98160 /* Resources */ = {
			isa = PBXGroup;
			children = (
				BE2EB3DB1381F6310052DC55 /* SeaGlass.bundle */,
			);
			path = Resources;
			sourceTree = "<group>";
		};
		BED53BE01377312F0048877E = {
			isa = PBXGroup;
			children = (
				C8FFD52317A4207D00728A4C /* Default-568h@2x.png */,
				BE50AA7B137735E800E98160 /* Classes */,
				BE50AB5013774C1700E98160 /* Resources */,
				BED53BEB1377312F0048877E /* libSeaGlass.a */,
				BE50AB2D1377418F00E98160 /* SeaglassControlsDemo */,
				BED53BED1377312F0048877E /* Frameworks */,
				BED53BEC1377312F0048877E /* Products */,
			);
			sourceTree = "<group>";
		};
		BED53BEC1377312F0048877E /* Products */ = {
			isa = PBXGroup;
			children = (
				BE50AB281377418E00E98160 /* SeaglassControlsDemo.app */,
			);
			name = Products;
			sourceTree = "<group>";
		};
		BED53BED1377312F0048877E /* Frameworks */ = {
			isa = PBXGroup;
			children = (
				BED53BEE1377312F0048877E /* Foundation.framework */,
				BED53BF91377312F0048877E /* UIKit.framework */,
				BED53BFC1377312F0048877E /* CoreGraphics.framework */,
			);
			name = Frameworks;
			sourceTree = "<group>";
		};
		BEEB4D62137E074000AA4C4A /* Global */ = {
			isa = PBXGroup;
			children = (
				BEEB4D63137E07E900AA4C4A /* SGGlobalPaths.h */,
				BEEB4D64137E07E900AA4C4A /* SGGlobalPaths.m */,
			);
			path = Global;
			sourceTree = "<group>";
		};
		BEEB4DBB137F60EE00AA4C4A /* Popover */ = {
			isa = PBXGroup;
			children = (
				BEEB4DC4137F62BA00AA4C4A /* SGPopoverDemoController.h */,
				BEEB4DBE137F62BA00AA4C4A /* SGPopoverDemoController.m */,
				BEEB4DC5137F62BA00AA4C4A /* SGPopoverArrowDirectionOptionController.h */,
				BEEB4DC7137F62BA00AA4C4A /* SGPopoverArrowDirectionOptionController.m */,
				BEEB4DC1137F62BA00AA4C4A /* SGPopoverDialogController.h */,
				BEEB4DC0137F62BA00AA4C4A /* SGPopoverDialogController.m */,
				BEEB4DC3137F62BA00AA4C4A /* SGPopoverModalOptionController.h */,
				BEEB4DC6137F62BA00AA4C4A /* SGPopoverModalOptionController.m */,
			);
			path = Popover;
			sourceTree = "<group>";
		};
		BEEB4DBC137F615400AA4C4A /* Resources */ = {
			isa = PBXGroup;
			children = (
				BE50AB8113775ABC00E98160 /* SGControls.bundle */,
				BEEB4DCF137F878400AA4C4A /* NIBs */,
				BEEB4DEA137F8A6600AA4C4A /* InfoPlist.strings */,
				BEEB4DE9137F8A2C00AA4C4A /* SeaglassControlsDemo-Info.plist */,
			);
			path = Resources;
			sourceTree = "<group>";
		};
		BEEB4DBD137F61B400AA4C4A /* Classes */ = {
			isa = PBXGroup;
			children = (
				BEEB4DBB137F60EE00AA4C4A /* Popover */,
				BEEB4DD3137F87E800AA4C4A /* Rating */,
				BEEB4DE8137F89B600AA4C4A /* TopLevel */,
				BEEB4DDF137F896200AA4C4A /* SeaglassControlsDemo-Prefix.pch */,
			);
			path = Classes;
			sourceTree = "<group>";
		};
		BEEB4DCF137F878400AA4C4A /* NIBs */ = {
			isa = PBXGroup;
			children = (
				BEEB4DD8137F88EE00AA4C4A /* MainWindow.xib */,
				BEEB4DD9137F88EE00AA4C4A /* RootViewController.xib */,
				BEEB4DD0137F878400AA4C4A /* SGPopoverDemoController.xib */,
				BEEB4DD1137F878400AA4C4A /* SGPopoverDialogController.xib */,
				BEEB4DD2137F878400AA4C4A /* SGRatingController.xib */,
			);
			path = NIBs;
			sourceTree = "<group>";
		};
		BEEB4DD3137F87E800AA4C4A /* Rating */ = {
			isa = PBXGroup;
			children = (
				BEEB4DD4137F87E800AA4C4A /* SGRatingController.h */,
				BEEB4DD5137F87E800AA4C4A /* SGRatingController.m */,
			);
			path = Rating;
			sourceTree = "<group>";
		};
		BEEB4DE8137F89B600AA4C4A /* TopLevel */ = {
			isa = PBXGroup;
			children = (
				BEEB4DE0137F896200AA4C4A /* RootViewController.h */,
				BEEB4DDC137F896200AA4C4A /* RootViewController.m */,
				BEEB4DDD137F896200AA4C4A /* SGControlsDemoAppDelegate.h */,
				BEEB4DDE137F896200AA4C4A /* SGControlsDemoAppDelegate.m */,
				BEEB4DE1137F896200AA4C4A /* main.m */,
			);
			name = TopLevel;
			sourceTree = "<group>";
		};
/* End PBXGroup section */

/* Begin PBXHeadersBuildPhase section */
		BED53BE91377312F0048877E /* Headers */ = {
			isa = PBXHeadersBuildPhase;
			buildActionMask = 2147483647;
			files = (
				BE50AA98137736FD00E98160 /* SGPopoverController.h in Headers */,
				BE50AA9A137736FD00E98160 /* SGPopoverViewProperties.h in Headers */,
				BE50AA9C137736FD00E98160 /* SGPopoverView.h in Headers */,
				BE4B15B4137B8A8E00563E90 /* SGPopoverContentViewController.h in Headers */,
				BEEB4D11137DF73100AA4C4A /* SGRatingControl.h in Headers */,
				BEEB4D65137E07E900AA4C4A /* SGGlobalPaths.h in Headers */,
			);
			runOnlyForDeploymentPostprocessing = 0;
		};
/* End PBXHeadersBuildPhase section */

/* Begin PBXNativeTarget section */
		BE50AB271377418E00E98160 /* SeaglassControlsDemo */ = {
			isa = PBXNativeTarget;
			buildConfigurationList = BE50AB421377418F00E98160 /* Build configuration list for PBXNativeTarget "SeaglassControlsDemo" */;
			buildPhases = (
				BE50AB241377418E00E98160 /* Sources */,
				BE50AB251377418E00E98160 /* Frameworks */,
				BE50AB261377418E00E98160 /* Resources */,
			);
			buildRules = (
			);
			dependencies = (
			);
			name = SeaglassControlsDemo;
			productName = SeaglassControlsDemo;
			productReference = BE50AB281377418E00E98160 /* SeaglassControlsDemo.app */;
			productType = "com.apple.product-type.application";
		};
		BED53BEA1377312F0048877E /* SeaGlass */ = {
			isa = PBXNativeTarget;
			buildConfigurationList = BED53C0E1377312F0048877E /* Build configuration list for PBXNativeTarget "SeaGlass" */;
			buildPhases = (
				BED53BE71377312F0048877E /* Sources */,
				BED53BE81377312F0048877E /* Frameworks */,
				BED53BE91377312F0048877E /* Headers */,
				BE50AA9D1377373500E98160 /* CopyFiles */,
				BE50AB5F1377583D00E98160 /* CopyFiles */,
			);
			buildRules = (
			);
			dependencies = (
			);
			name = SeaGlass;
			productName = SeaGlass;
			productReference = BED53BEB1377312F0048877E /* libSeaGlass.a */;
			productType = "com.apple.product-type.library.static";
		};
/* End PBXNativeTarget section */

/* Begin PBXProject section */
		BED53BE21377312F0048877E /* Project object */ = {
			isa = PBXProject;
			attributes = {
				LastUpgradeCheck = 0700;
			};
			buildConfigurationList = BED53BE51377312F0048877E /* Build configuration list for PBXProject "SeaGlass" */;
			compatibilityVersion = "Xcode 3.2";
			developmentRegion = English;
			hasScannedForEncodings = 0;
			knownRegions = (
				en,
			);
			mainGroup = BED53BE01377312F0048877E;
			productRefGroup = BED53BEC1377312F0048877E /* Products */;
			projectDirPath = "";
			projectRoot = "";
			targets = (
				BED53BEA1377312F0048877E /* SeaGlass */,
				BE50AB271377418E00E98160 /* SeaglassControlsDemo */,
			);
		};
/* End PBXProject section */

/* Begin PBXResourcesBuildPhase section */
		BE50AB261377418E00E98160 /* Resources */ = {
			isa = PBXResourcesBuildPhase;
			buildActionMask = 2147483647;
			files = (
				BEEB4DF4137F8B7A00AA4C4A /* SGPopoverDemoController.xib in Resources */,
				BEEB4DF5137F8B7A00AA4C4A /* SGPopoverDialogController.xib in Resources */,
				BEEB4DF6137F8B7A00AA4C4A /* SGRatingController.xib in Resources */,
				BEEB4DDA137F88EE00AA4C4A /* MainWindow.xib in Resources */,
				BEEB4DDB137F88EE00AA4C4A /* RootViewController.xib in Resources */,
				C8FFD52417A4207D00728A4C /* Default-568h@2x.png in Resources */,
				BE2EB3DC1381F6310052DC55 /* SeaGlass.bundle in Resources */,
			);
			runOnlyForDeploymentPostprocessing = 0;
		};
/* End PBXResourcesBuildPhase section */

/* Begin PBXSourcesBuildPhase section */
		BE50AB241377418E00E98160 /* Sources */ = {
			isa = PBXSourcesBuildPhase;
			buildActionMask = 2147483647;
			files = (
				BEEB4DF3137F8B2700AA4C4A /* main.m in Sources */,
				BEEB4DF1137F8B2700AA4C4A /* RootViewController.m in Sources */,
				BEEB4DF2137F8B2700AA4C4A /* SGControlsDemoAppDelegate.m in Sources */,
				BEEB4DCE137F62BA00AA4C4A /* SGPopoverArrowDirectionOptionController.m in Sources */,
				BEEB4DEE137F8B2700AA4C4A /* SGPopoverDemoController.m in Sources */,
				BEEB4DCB137F62BA00AA4C4A /* SGPopoverDialogController.m in Sources */,
				BEEB4DCD137F62BA00AA4C4A /* SGPopoverModalOptionController.m in Sources */,
				BEEB4DF0137F8B2700AA4C4A /* SGRatingController.m in Sources */,
			);
			runOnlyForDeploymentPostprocessing = 0;
		};
		BED53BE71377312F0048877E /* Sources */ = {
			isa = PBXSourcesBuildPhase;
			buildActionMask = 2147483647;
			files = (
				BEEB4D66137E07E900AA4C4A /* SGGlobalPaths.m in Sources */,
				BE50AA9B137736FD00E98160 /* SGPopoverView.m in Sources */,
				BE50AA99137736FD00E98160 /* SGPopoverViewProperties.m in Sources */,
				BE50AA97137736FD00E98160 /* SGPopoverController.m in Sources */,
				BEEB4D12137DF73100AA4C4A /* SGRatingControl.m in Sources */,
			);
			runOnlyForDeploymentPostprocessing = 0;
		};
/* End PBXSourcesBuildPhase section */

/* Begin PBXVariantGroup section */
		BEEB4DEA137F8A6600AA4C4A /* InfoPlist.strings */ = {
			isa = PBXVariantGroup;
			children = (
				BEEB4DEB137F8A6600AA4C4A /* en */,
			);
			name = InfoPlist.strings;
			sourceTree = "<group>";
		};
/* End PBXVariantGroup section */

/* Begin XCBuildConfiguration section */
		BE50AB431377418F00E98160 /* Debug */ = {
			isa = XCBuildConfiguration;
			buildSettings = {
				ALWAYS_SEARCH_USER_PATHS = NO;
				CLANG_ENABLE_OBJC_ARC = YES;
				"CODE_SIGN_IDENTITY[sdk=iphoneos*]" = "iPhone Developer";
				COPY_PHASE_STRIP = NO;
				GCC_DYNAMIC_NO_PIC = NO;
				GCC_PRECOMPILE_PREFIX_HEADER = YES;
				GCC_PREFIX_HEADER = "SeaglassControlsDemo/Classes/SeaglassControlsDemo-Prefix.pch";
				GCC_VERSION = com.apple.compilers.llvm.clang.1_0;
				INFOPLIST_FILE = "SeaglassControlsDemo/Resources/SeaglassControlsDemo-Info.plist";
				OTHER_LDFLAGS = (
					"-ObjC",
					"-all_load",
				);
				PRODUCT_BUNDLE_IDENTIFIER = "com.kjoyner.${PRODUCT_NAME:rfc1034identifier}";
				PRODUCT_NAME = "$(TARGET_NAME)";
				WARNING_CFLAGS = "-Wfloat-equal";
				WRAPPER_EXTENSION = app;
			};
			name = Debug;
		};
		BE50AB441377418F00E98160 /* Release */ = {
			isa = XCBuildConfiguration;
			buildSettings = {
				ALWAYS_SEARCH_USER_PATHS = NO;
				CLANG_ENABLE_OBJC_ARC = YES;
				"CODE_SIGN_IDENTITY[sdk=iphoneos*]" = "iPhone Developer";
				COPY_PHASE_STRIP = YES;
				GCC_PRECOMPILE_PREFIX_HEADER = YES;
				GCC_PREFIX_HEADER = "SeaglassControlsDemo/Classes/SeaglassControlsDemo-Prefix.pch";
				GCC_VERSION = com.apple.compilers.llvm.clang.1_0;
				INFOPLIST_FILE = "SeaglassControlsDemo/Resources/SeaglassControlsDemo-Info.plist";
				OTHER_CFLAGS = "-DNS_BLOCK_ASSERTIONS=1";
				OTHER_LDFLAGS = (
					"-ObjC",
					"-all_load",
				);
				PRODUCT_BUNDLE_IDENTIFIER = "com.kjoyner.${PRODUCT_NAME:rfc1034identifier}";
				PRODUCT_NAME = "$(TARGET_NAME)";
				VALIDATE_PRODUCT = YES;
				WARNING_CFLAGS = "-Wfloat-equal";
				WRAPPER_EXTENSION = app;
			};
			name = Release;
		};
		BED53C0C1377312F0048877E /* Debug */ = {
			isa = XCBuildConfiguration;
			buildSettings = {
				CODE_SIGN_IDENTITY = "";
				ENABLE_TESTABILITY = YES;
				GCC_C_LANGUAGE_STANDARD = gnu99;
				GCC_OPTIMIZATION_LEVEL = 0;
				GCC_PREPROCESSOR_DEFINITIONS = DEBUG;
				GCC_SYMBOLS_PRIVATE_EXTERN = NO;
				GCC_VERSION = com.apple.compilers.llvmgcc42;
				GCC_WARN_ABOUT_RETURN_TYPE = YES;
				GCC_WARN_UNUSED_VARIABLE = YES;
				IPHONEOS_DEPLOYMENT_TARGET = 4.3;
				ONLY_ACTIVE_ARCH = YES;
				SDKROOT = iphoneos;
			};
			name = Debug;
		};
		BED53C0D1377312F0048877E /* Release */ = {
			isa = XCBuildConfiguration;
			buildSettings = {
				CODE_SIGN_IDENTITY = "";
				GCC_C_LANGUAGE_STANDARD = gnu99;
				GCC_VERSION = com.apple.compilers.llvmgcc42;
				GCC_WARN_ABOUT_RETURN_TYPE = YES;
				GCC_WARN_UNUSED_VARIABLE = YES;
				IPHONEOS_DEPLOYMENT_TARGET = 4.3;
				SDKROOT = iphoneos;
			};
			name = Release;
		};
		BED53C0F1377312F0048877E /* Debug */ = {
			isa = XCBuildConfiguration;
			buildSettings = {
				ALWAYS_SEARCH_USER_PATHS = NO;
				CLANG_ENABLE_OBJC_ARC = YES;
				DSTROOT = /tmp/SeaGlass.dst;
				GCC_PRECOMPILE_PREFIX_HEADER = YES;
				GCC_PREFIX_HEADER = "SeaGlass-Prefix.pch";
				GCC_VERSION = com.apple.compilers.llvm.clang.1_0;
				ONLY_ACTIVE_ARCH = NO;
				OTHER_LDFLAGS = "-ObjC";
				PRODUCT_NAME = "$(TARGET_NAME)";
				SKIP_INSTALL = YES;
			};
			name = Debug;
		};
		BED53C101377312F0048877E /* Release */ = {
			isa = XCBuildConfiguration;
			buildSettings = {
				ALWAYS_SEARCH_USER_PATHS = NO;
				CLANG_ENABLE_OBJC_ARC = YES;
				DSTROOT = /tmp/SeaGlass.dst;
				GCC_PRECOMPILE_PREFIX_HEADER = YES;
				GCC_PREFIX_HEADER = "SeaGlass-Prefix.pch";
				GCC_VERSION = com.apple.compilers.llvm.clang.1_0;
				OTHER_LDFLAGS = "-ObjC";
				PRODUCT_NAME = "$(TARGET_NAME)";
				SKIP_INSTALL = YES;
			};
			name = Release;
		};
/* End XCBuildConfiguration section */

/* Begin XCConfigurationList section */
		BE50AB421377418F00E98160 /* Build configuration list for PBXNativeTarget "SeaglassControlsDemo" */ = {
			isa = XCConfigurationList;
			buildConfigurations = (
				BE50AB431377418F00E98160 /* Debug */,
				BE50AB441377418F00E98160 /* Release */,
			);
			defaultConfigurationIsVisible = 0;
			defaultConfigurationName = Release;
		};
		BED53BE51377312F0048877E /* Build configuration list for PBXProject "SeaGlass" */ = {
			isa = XCConfigurationList;
			buildConfigurations = (
				BED53C0C1377312F0048877E /* Debug */,
				BED53C0D1377312F0048877E /* Release */,
			);
			defaultConfigurationIsVisible = 0;
			defaultConfigurationName = Release;
		};
		BED53C0E1377312F0048877E /* Build configuration list for PBXNativeTarget "SeaGlass" */ = {
			isa = XCConfigurationList;
			buildConfigurations = (
				BED53C0F1377312F0048877E /* Debug */,
				BED53C101377312F0048877E /* Release */,
			);
			defaultConfigurationIsVisible = 0;
			defaultConfigurationName = Release;
		};
/* End XCConfigurationList section */
	};
	rootObject = BED53BE21377312F0048877E /* Project object */;
}
